// !$*UTF8*$!
{
	archiveVersion = 1;
	classes = {
	};
	objectVersion = 46;
	objects = {

/* Begin PBXBuildFile section */
		835B88E91981DB000050EDD6 /* Foundation.framework in Frameworks */ = {isa = PBXBuildFile; fileRef = 835B88E81981DB000050EDD6 /* Foundation.framework */; };
		835B88EB1981DB000050EDD6 /* CoreGraphics.framework in Frameworks */ = {isa = PBXBuildFile; fileRef = 835B88EA1981DB000050EDD6 /* CoreGraphics.framework */; };
		835B88ED1981DB000050EDD6 /* UIKit.framework in Frameworks */ = {isa = PBXBuildFile; fileRef = 835B88EC1981DB000050EDD6 /* UIKit.framework */; };
		835B88F31981DB000050EDD6 /* InfoPlist.strings in Resources */ = {isa = PBXBuildFile; fileRef = 835B88F11981DB000050EDD6 /* InfoPlist.strings */; };
		835B88F51981DB000050EDD6 /* main.m in Sources */ = {isa = PBXBuildFile; fileRef = 835B88F41981DB000050EDD6 /* main.m */; };
		835B88F91981DB000050EDD6 /* AppDelegate.m in Sources */ = {isa = PBXBuildFile; fileRef = 835B88F81981DB000050EDD6 /* AppDelegate.m */; };
		835B88FC1981DB000050EDD6 /* Main.storyboard in Resources */ = {isa = PBXBuildFile; fileRef = 835B88FA1981DB000050EDD6 /* Main.storyboard */; };
		835B88FF1981DB000050EDD6 /* ViewController.m in Sources */ = {isa = PBXBuildFile; fileRef = 835B88FE1981DB000050EDD6 /* ViewController.m */; };
		835B89011981DB000050EDD6 /* Images.xcassets in Resources */ = {isa = PBXBuildFile; fileRef = 835B89001981DB000050EDD6 /* Images.xcassets */; };
		835B89081981DB000050EDD6 /* XCTest.framework in Frameworks */ = {isa = PBXBuildFile; fileRef = 835B89071981DB000050EDD6 /* XCTest.framework */; };
		835B89091981DB000050EDD6 /* Foundation.framework in Frameworks */ = {isa = PBXBuildFile; fileRef = 835B88E81981DB000050EDD6 /* Foundation.framework */; };
		835B890A1981DB000050EDD6 /* UIKit.framework in Frameworks */ = {isa = PBXBuildFile; fileRef = 835B88EC1981DB000050EDD6 /* UIKit.framework */; };
		835B89121981DB000050EDD6 /* InfoPlist.strings in Resources */ = {isa = PBXBuildFile; fileRef = 835B89101981DB000050EDD6 /* InfoPlist.strings */; };
		835B89141981DB000050EDD6 /* iOS_Webservices_ExampleTests.m in Sources */ = {isa = PBXBuildFile; fileRef = 835B89131981DB000050EDD6 /* iOS_Webservices_ExampleTests.m */; };
/* End PBXBuildFile section */

/* Begin PBXContainerItemProxy section */
		835B890B1981DB000050EDD6 /* PBXContainerItemProxy */ = {
			isa = PBXContainerItemProxy;
			containerPortal = 835B88DD1981DB000050EDD6 /* Project object */;
			proxyType = 1;
			remoteGlobalIDString = 835B88E41981DB000050EDD6;
			remoteInfo = "iOS-Webservices-Example";
		};
/* End PBXContainerItemProxy section */

/* Begin PBXFileReference section */
		835B88E51981DB000050EDD6 /* iOS-Webservices-Example.app */ = {isa = PBXFileReference; explicitFileType = wrapper.application; includeInIndex = 0; path = "iOS-Webservices-Example.app"; sourceTree = BUILT_PRODUCTS_DIR; };
		835B88E81981DB000050EDD6 /* Foundation.framework */ = {isa = PBXFileReference; lastKnownFileType = wrapper.framework; name = Foundation.framework; path = System/Library/Frameworks/Foundation.framework; sourceTree = SDKROOT; };
		835B88EA1981DB000050EDD6 /* CoreGraphics.framework */ = {isa = PBXFileReference; lastKnownFileType = wrapper.framework; name = CoreGraphics.framework; path = System/Library/Frameworks/CoreGraphics.framework; sourceTree = SDKROOT; };
		835B88EC1981DB000050EDD6 /* UIKit.framework */ = {isa = PBXFileReference; lastKnownFileType = wrapper.framework; name = UIKit.framework; path = System/Library/Frameworks/UIKit.framework; sourceTree = SDKROOT; };
		835B88F01981DB000050EDD6 /* iOS-Webservices-Example-Info.plist */ = {isa = PBXFileReference; lastKnownFileType = text.plist.xml; path = "iOS-Webservices-Example-Info.plist"; sourceTree = "<group>"; };
		835B88F21981DB000050EDD6 /* en */ = {isa = PBXFileReference; lastKnownFileType = text.plist.strings; name = en; path = en.lproj/InfoPlist.strings; sourceTree = "<group>"; };
		835B88F41981DB000050EDD6 /* main.m */ = {isa = PBXFileReference; lastKnownFileType = sourcecode.c.objc; path = main.m; sourceTree = "<group>"; };
		835B88F61981DB000050EDD6 /* iOS-Webservices-Example-Prefix.pch */ = {isa = PBXFileReference; lastKnownFileType = sourcecode.c.h; path = "iOS-Webservices-Example-Prefix.pch"; sourceTree = "<group>"; };
		835B88F71981DB000050EDD6 /* AppDelegate.h */ = {isa = PBXFileReference; lastKnownFileType = sourcecode.c.h; path = AppDelegate.h; sourceTree = "<group>"; };
		835B88F81981DB000050EDD6 /* AppDelegate.m */ = {isa = PBXFileReference; lastKnownFileType = sourcecode.c.objc; path = AppDelegate.m; sourceTree = "<group>"; };
		835B88FB1981DB000050EDD6 /* Base */ = {isa = PBXFileReference; lastKnownFileType = file.storyboard; name = Base; path = Base.lproj/Main.storyboard; sourceTree = "<group>"; };
		835B88FD1981DB000050EDD6 /* ViewController.h */ = {isa = PBXFileReference; lastKnownFileType = sourcecode.c.h; path = ViewController.h; sourceTree = "<group>"; };
		835B88FE1981DB000050EDD6 /* ViewController.m */ = {isa = PBXFileReference; lastKnownFileType = sourcecode.c.objc; path = ViewController.m; sourceTree = "<group>"; };
		835B89001981DB000050EDD6 /* Images.xcassets */ = {isa = PBXFileReference; lastKnownFileType = folder.assetcatalog; path = Images.xcassets; sourceTree = "<group>"; };
		835B89061981DB000050EDD6 /* iOS-Webservices-ExampleTests.xctest */ = {isa = PBXFileReference; explicitFileType = wrapper.cfbundle; includeInIndex = 0; path = "iOS-Webservices-ExampleTests.xctest"; sourceTree = BUILT_PRODUCTS_DIR; };
		835B89071981DB000050EDD6 /* XCTest.framework */ = {isa = PBXFileReference; lastKnownFileType = wrapper.framework; name = XCTest.framework; path = Library/Frameworks/XCTest.framework; sourceTree = DEVELOPER_DIR; };
		835B890F1981DB000050EDD6 /* iOS-Webservices-ExampleTests-Info.plist */ = {isa = PBXFileReference; lastKnownFileType = text.plist.xml; path = "iOS-Webservices-ExampleTests-Info.plist"; sourceTree = "<group>"; };
		835B89111981DB000050EDD6 /* en */ = {isa = PBXFileReference; lastKnownFileType = text.plist.strings; name = en; path = en.lproj/InfoPlist.strings; sourceTree = "<group>"; };
		835B89131981DB000050EDD6 /* iOS_Webservices_ExampleTests.m */ = {isa = PBXFileReference; lastKnownFileType = sourcecode.c.objc; path = iOS_Webservices_ExampleTests.m; sourceTree = "<group>"; };
/* End PBXFileReference section */

/* Begin PBXFrameworksBuildPhase section */
		835B88E21981DB000050EDD6 /* Frameworks */ = {
			isa = PBXFrameworksBuildPhase;
			buildActionMask = 2147483647;
			files = (
				835B88EB1981DB000050EDD6 /* CoreGraphics.framework in Frameworks */,
				835B88ED1981DB000050EDD6 /* UIKit.framework in Frameworks */,
				835B88E91981DB000050EDD6 /* Foundation.framework in Frameworks */,
			);
			runOnlyForDeploymentPostprocessing = 0;
		};
		835B89031981DB000050EDD6 /* Frameworks */ = {
			isa = PBXFrameworksBuildPhase;
			buildActionMask = 2147483647;
			files = (
				835B89081981DB000050EDD6 /* XCTest.framework in Frameworks */,
				835B890A1981DB000050EDD6 /* UIKit.framework in Frameworks */,
				835B89091981DB000050EDD6 /* Foundation.framework in Frameworks */,
			);
			runOnlyForDeploymentPostprocessing = 0;
		};
/* End PBXFrameworksBuildPhase section */

/* Begin PBXGroup section */
		835B88DC1981DB000050EDD6 = {
			isa = PBXGroup;
			children = (
				835B88EE1981DB000050EDD6 /* iOS-Webservices-Example */,
				835B890D1981DB000050EDD6 /* iOS-Webservices-ExampleTests */,
				835B88E71981DB000050EDD6 /* Frameworks */,
				835B88E61981DB000050EDD6 /* Products */,
			);
			sourceTree = "<group>";
		};
		835B88E61981DB000050EDD6 /* Products */ = {
			isa = PBXGroup;
			children = (
				835B88E51981DB000050EDD6 /* iOS-Webservices-Example.app */,
				835B89061981DB000050EDD6 /* iOS-Webservices-ExampleTests.xctest */,
			);
			name = Products;
			sourceTree = "<group>";
		};
		835B88E71981DB000050EDD6 /* Frameworks */ = {
			isa = PBXGroup;
			children = (
				835B88E81981DB000050EDD6 /* Foundation.framework */,
				835B88EA1981DB000050EDD6 /* CoreGraphics.framework */,
				835B88EC1981DB000050EDD6 /* UIKit.framework */,
				835B89071981DB000050EDD6 /* XCTest.framework */,
			);
			name = Frameworks;
			sourceTree = "<group>";
		};
		835B88EE1981DB000050EDD6 /* iOS-Webservices-Example */ = {
			isa = PBXGroup;
			children = (
				835B88F71981DB000050EDD6 /* AppDelegate.h */,
				835B88F81981DB000050EDD6 /* AppDelegate.m */,
				835B88FA1981DB000050EDD6 /* Main.storyboard */,
				835B88FD1981DB000050EDD6 /* ViewController.h */,
				835B88FE1981DB000050EDD6 /* ViewController.m */,
				835B89001981DB000050EDD6 /* Images.xcassets */,
				835B88EF1981DB000050EDD6 /* Supporting Files */,
			);
			path = "iOS-Webservices-Example";
			sourceTree = "<group>";
		};
		835B88EF1981DB000050EDD6 /* Supporting Files */ = {
			isa = PBXGroup;
			children = (
				835B88F01981DB000050EDD6 /* iOS-Webservices-Example-Info.plist */,
				835B88F11981DB000050EDD6 /* InfoPlist.strings */,
				835B88F41981DB000050EDD6 /* main.m */,
				835B88F61981DB000050EDD6 /* iOS-Webservices-Example-Prefix.pch */,
			);
			name = "Supporting Files";
			sourceTree = "<group>";
		};
		835B890D1981DB000050EDD6 /* iOS-Webservices-ExampleTests */ = {
			isa = PBXGroup;
			children = (
				835B89131981DB000050EDD6 /* iOS_Webservices_ExampleTests.m */,
				835B890E1981DB000050EDD6 /* Supporting Files */,
			);
			path = "iOS-Webservices-ExampleTests";
			sourceTree = "<group>";
		};
		835B890E1981DB000050EDD6 /* Supporting Files */ = {
			isa = PBXGroup;
			children = (
				835B890F1981DB000050EDD6 /* iOS-Webservices-ExampleTests-Info.plist */,
				835B89101981DB000050EDD6 /* InfoPlist.strings */,
			);
			name = "Supporting Files";
			sourceTree = "<group>";
		};
/* End PBXGroup section */

/* Begin PBXNativeTarget section */
		835B88E41981DB000050EDD6 /* iOS-Webservices-Example */ = {
			isa = PBXNativeTarget;
			buildConfigurationList = 835B89171981DB000050EDD6 /* Build configuration list for PBXNativeTarget "iOS-Webservices-Example" */;
			buildPhases = (
				835B88E11981DB000050EDD6 /* Sources */,
				835B88E21981DB000050EDD6 /* Frameworks */,
				835B88E31981DB000050EDD6 /* Resources */,
			);
			buildRules = (
			);
			dependencies = (
			);
			name = "iOS-Webservices-Example";
			productName = "iOS-Webservices-Example";
			productReference = 835B88E51981DB000050EDD6 /* iOS-Webservices-Example.app */;
			productType = "com.apple.product-type.application";
		};
		835B89051981DB000050EDD6 /* iOS-Webservices-ExampleTests */ = {
			isa = PBXNativeTarget;
			buildConfigurationList = 835B891A1981DB000050EDD6 /* Build configuration list for PBXNativeTarget "iOS-Webservices-ExampleTests" */;
			buildPhases = (
				835B89021981DB000050EDD6 /* Sources */,
				835B89031981DB000050EDD6 /* Frameworks */,
				835B89041981DB000050EDD6 /* Resources */,
			);
			buildRules = (
			);
			dependencies = (
				835B890C1981DB000050EDD6 /* PBXTargetDependency */,
			);
			name = "iOS-Webservices-ExampleTests";
			productName = "iOS-Webservices-ExampleTests";
			productReference = 835B89061981DB000050EDD6 /* iOS-Webservices-ExampleTests.xctest */;
			productType = "com.apple.product-type.bundle.unit-test";
		};
/* End PBXNativeTarget section */

/* Begin PBXProject section */
		835B88DD1981DB000050EDD6 /* Project object */ = {
			isa = PBXProject;
			attributes = {
				LastUpgradeCheck = 0510;
				ORGANIZATIONNAME = Caelum;
				TargetAttributes = {
					835B89051981DB000050EDD6 = {
						TestTargetID = 835B88E41981DB000050EDD6;
					};
				};
			};
			buildConfigurationList = 835B88E01981DB000050EDD6 /* Build configuration list for PBXProject "iOS-Webservices-Example" */;
			compatibilityVersion = "Xcode 3.2";
			developmentRegion = English;
			hasScannedForEncodings = 0;
			knownRegions = (
				en,
				Base,
			);
			mainGroup = 835B88DC1981DB000050EDD6;
			productRefGroup = 835B88E61981DB000050EDD6 /* Products */;
			projectDirPath = "";
			projectRoot = "";
			targets = (
				835B88E41981DB000050EDD6 /* iOS-Webservices-Example */,
				835B89051981DB000050EDD6 /* iOS-Webservices-ExampleTests */,
			);
		};
/* End PBXProject section */

/* Begin PBXResourcesBuildPhase section */
		835B88E31981DB000050EDD6 /* Resources */ = {
			isa = PBXResourcesBuildPhase;
			buildActionMask = 2147483647;
			files = (
				835B89011981DB000050EDD6 /* Images.xcassets in Resources */,
				835B88F31981DB000050EDD6 /* InfoPlist.strings in Resources */,
				835B88FC1981DB000050EDD6 /* Main.storyboard in Resources */,
			);
			runOnlyForDeploymentPostprocessing = 0;
		};
		835B89041981DB000050EDD6 /* Resources */ = {
			isa = PBXResourcesBuildPhase;
			buildActionMask = 2147483647;
			files = (
				835B89121981DB000050EDD6 /* InfoPlist.strings in Resources */,
			);
			runOnlyForDeploymentPostprocessing = 0;
		};
/* End PBXResourcesBuildPhase section */

/* Begin PBXSourcesBuildPhase section */
		835B88E11981DB000050EDD6 /* Sources */ = {
			isa = PBXSourcesBuildPhase;
			buildActionMask = 2147483647;
			files = (
				835B88FF1981DB000050EDD6 /* ViewController.m in Sources */,
				835B88F91981DB000050EDD6 /* AppDelegate.m in Sources */,
				835B88F51981DB000050EDD6 /* main.m in Sources */,
			);
			runOnlyForDeploymentPostprocessing = 0;
		};
		835B89021981DB000050EDD6 /* Sources */ = {
			isa = PBXSourcesBuildPhase;
			buildActionMask = 2147483647;
			files = (
				835B89141981DB000050EDD6 /* iOS_Webservices_ExampleTests.m in Sources */,
			);
			runOnlyForDeploymentPostprocessing = 0;
		};
/* End PBXSourcesBuildPhase section */

/* Begin PBXTargetDependency section */
		835B890C1981DB000050EDD6 /* PBXTargetDependency */ = {
			isa = PBXTargetDependency;
			target = 835B88E41981DB000050EDD6 /* iOS-Webservices-Example */;
			targetProxy = 835B890B1981DB000050EDD6 /* PBXContainerItemProxy */;
		};
/* End PBXTargetDependency section */

/* Begin PBXVariantGroup section */
		835B88F11981DB000050EDD6 /* InfoPlist.strings */ = {
			isa = PBXVariantGroup;
			children = (
				835B88F21981DB000050EDD6 /* en */,
			);
			name = InfoPlist.strings;
			sourceTree = "<group>";
		};
		835B88FA1981DB000050EDD6 /* Main.storyboard */ = {
			isa = PBXVariantGroup;
			children = (
				835B88FB1981DB000050EDD6 /* Base */,
			);
			name = Main.storyboard;
			sourceTree = "<group>";
		};
		835B89101981DB000050EDD6 /* InfoPlist.strings */ = {
			isa = PBXVariantGroup;
			children = (
				835B89111981DB000050EDD6 /* en */,
			);
			name = InfoPlist.strings;
			sourceTree = "<group>";
		};
/* End PBXVariantGroup section */

/* Begin XCBuildConfiguration section */
		835B89151981DB000050EDD6 /* Debug */ = {
			isa = XCBuildConfiguration;
			buildSettings = {
				ALWAYS_SEARCH_USER_PATHS = NO;
				CLANG_CXX_LANGUAGE_STANDARD = "gnu++0x";
				CLANG_CXX_LIBRARY = "libc++";
				CLANG_ENABLE_MODULES = YES;
				CLANG_ENABLE_OBJC_ARC = YES;
				CLANG_WARN_BOOL_CONVERSION = YES;
				CLANG_WARN_CONSTANT_CONVERSION = YES;
				CLANG_WARN_DIRECT_OBJC_ISA_USAGE = YES_ERROR;
				CLANG_WARN_EMPTY_BODY = YES;
				CLANG_WARN_ENUM_CONVERSION = YES;
				CLANG_WARN_INT_CONVERSION = YES;
				CLANG_WARN_OBJC_ROOT_CLASS = YES_ERROR;
				CLANG_WARN__DUPLICATE_METHOD_MATCH = YES;
				"CODE_SIGN_IDENTITY[sdk=iphoneos*]" = "iPhone Developer";
				COPY_PHASE_STRIP = NO;
				GCC_C_LANGUAGE_STANDARD = gnu99;
				GCC_DYNAMIC_NO_PIC = NO;
				GCC_OPTIMIZATION_LEVEL = 0;
				GCC_PREPROCESSOR_DEFINITIONS = (
					"DEBUG=1",
					"$(inherited)",
				);
				GCC_SYMBOLS_PRIVATE_EXTERN = NO;
				GCC_WARN_64_TO_32_BIT_CONVERSION = YES;
				GCC_WARN_ABOUT_RETURN_TYPE = YES_ERROR;
				GCC_WARN_UNDECLARED_SELECTOR = YES;
				GCC_WARN_UNINITIALIZED_AUTOS = YES_AGGRESSIVE;
				GCC_WARN_UNUSED_FUNCTION = YES;
				GCC_WARN_UNUSED_VARIABLE = YES;
				IPHONEOS_DEPLOYMENT_TARGET = 7.1;
				ONLY_ACTIVE_ARCH = YES;
				SDKROOT = iphoneos;
			};
			name = Debug;
		};
		835B89161981DB000050EDD6 /* Release */ = {
			isa = XCBuildConfiguration;
			buildSettings = {
				ALWAYS_SEARCH_USER_PATHS = NO;
				CLANG_CXX_LANGUAGE_STANDARD = "gnu++0x";
				CLANG_CXX_LIBRARY = "libc++";
				CLANG_ENABLE_MODULES = YES;
				CLANG_ENABLE_OBJC_ARC = YES;
				CLANG_WARN_BOOL_CONVERSION = YES;
				CLANG_WARN_CONSTANT_CONVERSION = YES;
				CLANG_WARN_DIRECT_OBJC_ISA_USAGE = YES_ERROR;
				CLANG_WARN_EMPTY_BODY = YES;
				CLANG_WARN_ENUM_CONVERSION = YES;
				CLANG_WARN_INT_CONVERSION = YES;
				CLANG_WARN_OBJC_ROOT_CLASS = YES_ERROR;
				CLANG_WARN__DUPLICATE_METHOD_MATCH = YES;
				"CODE_SIGN_IDENTITY[sdk=iphoneos*]" = "iPhone Developer";
				COPY_PHASE_STRIP = YES;
				ENABLE_NS_ASSERTIONS = NO;
				GCC_C_LANGUAGE_STANDARD = gnu99;
				GCC_WARN_64_TO_32_BIT_CONVERSION = YES;
				GCC_WARN_ABOUT_RETURN_TYPE = YES_ERROR;
				GCC_WARN_UNDECLARED_SELECTOR = YES;
				GCC_WARN_UNINITIALIZED_AUTOS = YES_AGGRESSIVE;
				GCC_WARN_UNUSED_FUNCTION = YES;
				GCC_WARN_UNUSED_VARIABLE = YES;
				IPHONEOS_DEPLOYMENT_TARGET = 7.1;
				SDKROOT = iphoneos;
				VALIDATE_PRODUCT = YES;
			};
			name = Release;
		};
		835B89181981DB000050EDD6 /* Debug */ = {
			isa = XCBuildConfiguration;
			buildSettings = {
				ASSETCATALOG_COMPILER_APPICON_NAME = AppIcon;
				ASSETCATALOG_COMPILER_LAUNCHIMAGE_NAME = LaunchImage;
				GCC_PRECOMPILE_PREFIX_HEADER = YES;
				GCC_PREFIX_HEADER = "iOS-Webservices-Example/iOS-Webservices-Example-Prefix.pch";
				INFOPLIST_FILE = "iOS-Webservices-Example/iOS-Webservices-Example-Info.plist";
				PRODUCT_NAME = "$(TARGET_NAME)";
				WRAPPER_EXTENSION = app;
			};
			name = Debug;
		};
		835B89191981DB000050EDD6 /* Release */ = {
			isa = XCBuildConfiguration;
			buildSettings = {
				ASSETCATALOG_COMPILER_APPICON_NAME = AppIcon;
				ASSETCATALOG_COMPILER_LAUNCHIMAGE_NAME = LaunchImage;
				GCC_PRECOMPILE_PREFIX_HEADER = YES;
				GCC_PREFIX_HEADER = "iOS-Webservices-Example/iOS-Webservices-Example-Prefix.pch";
				INFOPLIST_FILE = "iOS-Webservices-Example/iOS-Webservices-Example-Info.plist";
				PRODUCT_NAME = "$(TARGET_NAME)";
				WRAPPER_EXTENSION = app;
			};
			name = Release;
		};
		835B891B1981DB000050EDD6 /* Debug */ = {
			isa = XCBuildConfiguration;
			buildSettings = {
				BUNDLE_LOADER = "$(BUILT_PRODUCTS_DIR)/iOS-Webservices-Example.app/iOS-Webservices-Example";
				FRAMEWORK_SEARCH_PATHS = (
					"$(SDKROOT)/Developer/Library/Frameworks",
					"$(inherited)",
					"$(DEVELOPER_FRAMEWORKS_DIR)",
				);
				GCC_PRECOMPILE_PREFIX_HEADER = YES;
				GCC_PREFIX_HEADER = "iOS-Webservices-Example/iOS-Webservices-Example-Prefix.pch";
				GCC_PREPROCESSOR_DEFINITIONS = (
					"DEBUG=1",
					"$(inherited)",
				);
				INFOPLIST_FILE = "iOS-Webservices-ExampleTests/iOS-Webservices-ExampleTests-Info.plist";
				PRODUCT_NAME = "$(TARGET_NAME)";
				TEST_HOST = "$(BUNDLE_LOADER)";
				WRAPPER_EXTENSION = xctest;
			};
			name = Debug;
		};
		835B891C1981DB000050EDD6 /* Release */ = {
			isa = XCBuildConfiguration;
			buildSettings = {
				BUNDLE_LOADER = "$(BUILT_PRODUCTS_DIR)/iOS-Webservices-Example.app/iOS-Webservices-Example";
				FRAMEWORK_SEARCH_PATHS = (
					"$(SDKROOT)/Developer/Library/Frameworks",
					"$(inherited)",
					"$(DEVELOPER_FRAMEWORKS_DIR)",
				);
				GCC_PRECOMPILE_PREFIX_HEADER = YES;
				GCC_PREFIX_HEADER = "iOS-Webservices-Example/iOS-Webservices-Example-Prefix.pch";
				INFOPLIST_FILE = "iOS-Webservices-ExampleTests/iOS-Webservices-ExampleTests-Info.plist";
				PRODUCT_NAME = "$(TARGET_NAME)";
				TEST_HOST = "$(BUNDLE_LOADER)";
				WRAPPER_EXTENSION = xctest;
			};
			name = Release;
		};
/* End XCBuildConfiguration section */

/* Begin XCConfigurationList section */
		835B88E01981DB000050EDD6 /* Build configuration list for PBXProject "iOS-Webservices-Example" */ = {
			isa = XCConfigurationList;
			buildConfigurations = (
				835B89151981DB000050EDD6 /* Debug */,
				835B89161981DB000050EDD6 /* Release */,
			);
			defaultConfigurationIsVisible = 0;
			defaultConfigurationName = Release;
		};
		835B89171981DB000050EDD6 /* Build configuration list for PBXNativeTarget "iOS-Webservices-Example" */ = {
			isa = XCConfigurationList;
			buildConfigurations = (
				835B89181981DB000050EDD6 /* Debug */,
				835B89191981DB000050EDD6 /* Release */,
			);
			defaultConfigurationIsVisible = 0;
		};
		835B891A1981DB000050EDD6 /* Build configuration list for PBXNativeTarget "iOS-Webservices-ExampleTests" */ = {
			isa = XCConfigurationList;
			buildConfigurations = (
				835B891B1981DB000050EDD6 /* Debug */,
				835B891C1981DB000050EDD6 /* Release */,
			);
			defaultConfigurationIsVisible = 0;
		};
/* End XCConfigurationList section */
	};
	rootObject = 835B88DD1981DB000050EDD6 /* Project object */;
}
